
Microsoft Visual Studio Solution File, Format Version 12.00
# Visual Studio Version 17
VisualStudioVersion = 17.7.34031.279
MinimumVisualStudioVersion = 10.0.40219.1
Project("{FAE04EC0-301F-11D3-BF4B-00C04F79EFBC}") = "Inventory_2", "Inventory_2\Inventory_2.csproj", "{4FE9677B-7704-4E46-84A6-378F3B5067E0}"
EndProject
Global
	GlobalSection(SolutionConfigurationPlatforms) = preSolution
		Debug|Any CPU = Debug|Any CPU
		Release|Any CPU = Release|Any CPU
	EndGlobalSection
	GlobalSection(ProjectConfigurationPlatforms) = postSolution
		{4FE9677B-7704-4E46-84A6-378F3B5067E0}.Debug|Any CPU.ActiveCfg = Debug|Any CPU
		{4FE9677B-7704-4E46-84A6-378F3B5067E0}.Debug|Any CPU.Build.0 = Debug|Any CPU
		{4FE9677B-7704-4E46-84A6-378F3B5067E0}.Release|Any CPU.ActiveCfg = Release|Any CPU
		{4FE9677B-7704-4E46-84A6-378F3B5067E0}.Release|Any CPU.Build.0 = Release|Any CPU
	EndGlobalSection
	GlobalSection(SolutionProperties) = preSolution
		HideSolutionNode = FALSE
	EndGlobalSection
	GlobalSection(ExtensibilityGlobals) = postSolution
		SolutionGuid = {766E3775-4671-4D46-ACBD-C519BE331CA8}
	EndGlobalSection
EndGlobal
